
Microsoft Visual Studio Solution File, Format Version 10.00
# Visual Studio 2008
Project("{FAE04EC0-301F-11D3-BF4B-00C04F79EFBC}") = "spec_for_berry_patch", "spec_for_berry_patch.csproj", "{D146F27B-5F79-4C58-A529-FE9F2944AA48}"
EndProject
Global
	GlobalSection(SolutionConfigurationPlatforms) = preSolution
		Debug|Any CPU = Debug|Any CPU
		Release|Any CPU = Release|Any CPU
	EndGlobalSection
	GlobalSection(ProjectConfigurationPlatforms) = postSolution
		{D146F27B-5F79-4C58-A529-FE9F2944AA48}.Debug|Any CPU.ActiveCfg = Debug|Any CPU
		{D146F27B-5F79-4C58-A529-FE9F2944AA48}.Debug|Any CPU.Build.0 = Debug|Any CPU
		{D146F27B-5F79-4C58-A529-FE9F2944AA48}.Release|Any CPU.ActiveCfg = Release|Any CPU
		{D146F27B-5F79-4C58-A529-FE9F2944AA48}.Release|Any CPU.Build.0 = Release|Any CPU
	EndGlobalSection
	GlobalSection(SolutionProperties) = preSolution
		HideSolutionNode = FALSE
	EndGlobalSection
EndGlobal
